
Microsoft Visual Studio Solution File, Format Version 12.00
# Visual Studio Version 17
VisualStudioVersion = 17.14.37012.4 d17.14
MinimumVisualStudioVersion = 10.0.40219.1
Project("{FAE04EC0-301F-11D3-BF4B-00C04F79EFBC}") = "Task Tracker", "Task Tracker\Task Tracker.csproj", "{08073130-2CD3-49CC-AF97-AC8A1BD0F44E}"
EndProject
Global
	GlobalSection(SolutionConfigurationPlatforms) = preSolution
		Debug|Any CPU = Debug|Any CPU
		Release|Any CPU = Release|Any CPU
	EndGlobalSection
	GlobalSection(ProjectConfigurationPlatforms) = postSolution
		{08073130-2CD3-49CC-AF97-AC8A1BD0F44E}.Debug|Any CPU.ActiveCfg = Debug|Any CPU
		{08073130-2CD3-49CC-AF97-AC8A1BD0F44E}.Debug|Any CPU.Build.0 = Debug|Any CPU
		{08073130-2CD3-49CC-AF97-AC8A1BD0F44E}.Release|Any CPU.ActiveCfg = Release|Any CPU
		{08073130-2CD3-49CC-AF97-AC8A1BD0F44E}.Release|Any CPU.Build.0 = Release|Any CPU
	EndGlobalSection
	GlobalSection(SolutionProperties) = preSolution
		HideSolutionNode = FALSE
	EndGlobalSection
	GlobalSection(ExtensibilityGlobals) = postSolution
		SolutionGuid = {DEEE1588-6FE8-47FF-99FB-E6386CFB6A7E}
	EndGlobalSection
EndGlobal
